
Microsoft Visual Studio Solution File, Format Version 12.00
# Visual Studio Version 17
VisualStudioVersion = 17.7.34221.43
MinimumVisualStudioVersion = 10.0.40219.1
Project("{FAE04EC0-301F-11D3-BF4B-00C04F79EFBC}") = "WinFormsApp1", "WinFormsApp1.csproj", "{54D98834-793E-491D-9162-BD88E74FDCFC}"
EndProject
Global
	GlobalSection(SolutionConfigurationPlatforms) = preSolution
		Debug|Any CPU = Debug|Any CPU
		Release|Any CPU = Release|Any CPU
	EndGlobalSection
	GlobalSection(ProjectConfigurationPlatforms) = postSolution
		{54D98834-793E-491D-9162-BD88E74FDCFC}.Debug|Any CPU.ActiveCfg = Debug|Any CPU
		{54D98834-793E-491D-9162-BD88E74FDCFC}.Debug|Any CPU.Build.0 = Debug|Any CPU
		{54D98834-793E-491D-9162-BD88E74FDCFC}.Release|Any CPU.ActiveCfg = Release|Any CPU
		{54D98834-793E-491D-9162-BD88E74FDCFC}.Release|Any CPU.Build.0 = Release|Any CPU
	EndGlobalSection
	GlobalSection(SolutionProperties) = preSolution
		HideSolutionNode = FALSE
	EndGlobalSection
	GlobalSection(ExtensibilityGlobals) = postSolution
		SolutionGuid = {589217D9-12C2-462C-A7EF-2AFD6A5EDD84}
	EndGlobalSection
EndGlobal
